
Microsoft Visual Studio Solution File, Format Version 12.00
# Visual Studio Version 17
VisualStudioVersion = 17.3.32825.248
MinimumVisualStudioVersion = 10.0.40219.1
Project("{9A19103F-16F7-4668-BE54-9A1E7A4F7556}") = "MessageService", "MessageService\MessageService.csproj", "{FF9C4F7A-78FF-48FC-B6AA-E863E6FC1B36}"
EndProject
Project("{2150E333-8FDC-42A3-9474-1A3956D46DE8}") = "Modules", "Modules", "{DA2AC3B5-2432-4674-B79C-36D36AC51877}"
EndProject
Project("{9A19103F-16F7-4668-BE54-9A1E7A4F7556}") = "RPSLimitTelegramBotLibrary", "RPSLimitTelegramBotLibrary\RPSLimitTelegramBotLibrary.csproj", "{653EF9B1-F344-411A-8445-FF5393D9598F}"
EndProject
Project("{9A19103F-16F7-4668-BE54-9A1E7A4F7556}") = "DataLibrary", "DataLibrary\DataLibrary.csproj", "{88278723-B630-447D-9480-4D63E3928FAC}"
EndProject
Project("{FAE04EC0-301F-11D3-BF4B-00C04F79EFBC}") = "WebUI", "WebUI\WebUI.csproj", "{695FCA57-519D-4F2F-A0F1-081559E535E9}"
EndProject
Project("{2150E333-8FDC-42A3-9474-1A3956D46DE8}") = "src", "src", "{5CCF0B4C-86FA-4C5A-8D74-F430E5D3FE12}"
EndProject
Project("{FAE04EC0-301F-11D3-BF4B-00C04F79EFBC}") = "Domain", "Domain\Domain.csproj", "{3E09DEB0-7A75-4EF0-B738-84BDA45AAE0B}"
EndProject
Project("{FAE04EC0-301F-11D3-BF4B-00C04F79EFBC}") = "Infrastructure", "Infrastructure\Infrastructure.csproj", "{E1672824-836A-4D0F-92E3-98870B9EBF96}"
EndProject
Project("{FAE04EC0-301F-11D3-BF4B-00C04F79EFBC}") = "Application", "Application\Application.csproj", "{A8B91B4B-20CE-4B1F-8115-8628F3493C21}"
EndProject
Global
	GlobalSection(SolutionConfigurationPlatforms) = preSolution
		Debug|Any CPU = Debug|Any CPU
		Release|Any CPU = Release|Any CPU
	EndGlobalSection
	GlobalSection(ProjectConfigurationPlatforms) = postSolution
		{FF9C4F7A-78FF-48FC-B6AA-E863E6FC1B36}.Debug|Any CPU.ActiveCfg = Debug|Any CPU
		{FF9C4F7A-78FF-48FC-B6AA-E863E6FC1B36}.Debug|Any CPU.Build.0 = Debug|Any CPU
		{FF9C4F7A-78FF-48FC-B6AA-E863E6FC1B36}.Release|Any CPU.ActiveCfg = Release|Any CPU
		{FF9C4F7A-78FF-48FC-B6AA-E863E6FC1B36}.Release|Any CPU.Build.0 = Release|Any CPU
		{653EF9B1-F344-411A-8445-FF5393D9598F}.Debug|Any CPU.ActiveCfg = Debug|Any CPU
		{653EF9B1-F344-411A-8445-FF5393D9598F}.Debug|Any CPU.Build.0 = Debug|Any CPU
		{653EF9B1-F344-411A-8445-FF5393D9598F}.Release|Any CPU.ActiveCfg = Release|Any CPU
		{653EF9B1-F344-411A-8445-FF5393D9598F}.Release|Any CPU.Build.0 = Release|Any CPU
		{88278723-B630-447D-9480-4D63E3928FAC}.Debug|Any CPU.ActiveCfg = Debug|Any CPU
		{88278723-B630-447D-9480-4D63E3928FAC}.Debug|Any CPU.Build.0 = Debug|Any CPU
		{88278723-B630-447D-9480-4D63E3928FAC}.Release|Any CPU.ActiveCfg = Release|Any CPU
		{88278723-B630-447D-9480-4D63E3928FAC}.Release|Any CPU.Build.0 = Release|Any CPU
		{695FCA57-519D-4F2F-A0F1-081559E535E9}.Debug|Any CPU.ActiveCfg = Debug|Any CPU
		{695FCA57-519D-4F2F-A0F1-081559E535E9}.Debug|Any CPU.Build.0 = Debug|Any CPU
		{695FCA57-519D-4F2F-A0F1-081559E535E9}.Release|Any CPU.ActiveCfg = Release|Any CPU
		{695FCA57-519D-4F2F-A0F1-081559E535E9}.Release|Any CPU.Build.0 = Release|Any CPU
		{3E09DEB0-7A75-4EF0-B738-84BDA45AAE0B}.Debug|Any CPU.ActiveCfg = Debug|Any CPU
		{3E09DEB0-7A75-4EF0-B738-84BDA45AAE0B}.Debug|Any CPU.Build.0 = Debug|Any CPU
		{3E09DEB0-7A75-4EF0-B738-84BDA45AAE0B}.Release|Any CPU.ActiveCfg = Release|Any CPU
		{3E09DEB0-7A75-4EF0-B738-84BDA45AAE0B}.Release|Any CPU.Build.0 = Release|Any CPU
		{E1672824-836A-4D0F-92E3-98870B9EBF96}.Debug|Any CPU.ActiveCfg = Debug|Any CPU
		{E1672824-836A-4D0F-92E3-98870B9EBF96}.Debug|Any CPU.Build.0 = Debug|Any CPU
		{E1672824-836A-4D0F-92E3-98870B9EBF96}.Release|Any CPU.ActiveCfg = Release|Any CPU
		{E1672824-836A-4D0F-92E3-98870B9EBF96}.Release|Any CPU.Build.0 = Release|Any CPU
		{A8B91B4B-20CE-4B1F-8115-8628F3493C21}.Debug|Any CPU.ActiveCfg = Debug|Any CPU
		{A8B91B4B-20CE-4B1F-8115-8628F3493C21}.Debug|Any CPU.Build.0 = Debug|Any CPU
		{A8B91B4B-20CE-4B1F-8115-8628F3493C21}.Release|Any CPU.ActiveCfg = Release|Any CPU
		{A8B91B4B-20CE-4B1F-8115-8628F3493C21}.Release|Any CPU.Build.0 = Release|Any CPU
	EndGlobalSection
	GlobalSection(SolutionProperties) = preSolution
		HideSolutionNode = FALSE
	EndGlobalSection
	GlobalSection(NestedProjects) = preSolution
		{653EF9B1-F344-411A-8445-FF5393D9598F} = {DA2AC3B5-2432-4674-B79C-36D36AC51877}
		{88278723-B630-447D-9480-4D63E3928FAC} = {DA2AC3B5-2432-4674-B79C-36D36AC51877}
		{695FCA57-519D-4F2F-A0F1-081559E535E9} = {5CCF0B4C-86FA-4C5A-8D74-F430E5D3FE12}
		{3E09DEB0-7A75-4EF0-B738-84BDA45AAE0B} = {5CCF0B4C-86FA-4C5A-8D74-F430E5D3FE12}
		{E1672824-836A-4D0F-92E3-98870B9EBF96} = {5CCF0B4C-86FA-4C5A-8D74-F430E5D3FE12}
		{A8B91B4B-20CE-4B1F-8115-8628F3493C21} = {5CCF0B4C-86FA-4C5A-8D74-F430E5D3FE12}
	EndGlobalSection
	GlobalSection(ExtensibilityGlobals) = postSolution
		SolutionGuid = {6A05DC36-11A9-4C3B-841F-28BB9560E9DB}
	EndGlobalSection
EndGlobal
