
Microsoft Visual Studio Solution File, Format Version 12.00
# Visual Studio Version 17
VisualStudioVersion = 17.3.32825.248
MinimumVisualStudioVersion = 10.0.40219.1
Project("{9A19103F-16F7-4668-BE54-9A1E7A4F7556}") = "MessageService", "MessageService\MessageService.csproj", "{FF9C4F7A-78FF-48FC-B6AA-E863E6FC1B36}"
EndProject
Project("{2150E333-8FDC-42A3-9474-1A3956D46DE8}") = "Modules", "Modules", "{DA2AC3B5-2432-4674-B79C-36D36AC51877}"
EndProject
Project("{9A19103F-16F7-4668-BE54-9A1E7A4F7556}") = "RPSLimitTelegramBotLibrary", "RPSLimitTelegramBotLibrary\RPSLimitTelegramBotLibrary.csproj", "{653EF9B1-F344-411A-8445-FF5393D9598F}"
EndProject
Project("{FAE04EC0-301F-11D3-BF4B-00C04F79EFBC}") = "RepositoryLibrary", "RepositoryLibrary\RepositoryLibrary.csproj", "{754E220B-1B2F-474E-A492-558E094DC47C}"
EndProject
Project("{FAE04EC0-301F-11D3-BF4B-00C04F79EFBC}") = "RepositoryLibrary.EFCore", "RepositoryLibrary.EFCore\RepositoryLibrary.EFCore.csproj", "{FBA4A08A-5EF0-4FDA-8AC4-7EC5B0DC9213}"
EndProject
Global
	GlobalSection(SolutionConfigurationPlatforms) = preSolution
		Debug|Any CPU = Debug|Any CPU
		Release|Any CPU = Release|Any CPU
	EndGlobalSection
	GlobalSection(ProjectConfigurationPlatforms) = postSolution
		{FF9C4F7A-78FF-48FC-B6AA-E863E6FC1B36}.Debug|Any CPU.ActiveCfg = Debug|Any CPU
		{FF9C4F7A-78FF-48FC-B6AA-E863E6FC1B36}.Debug|Any CPU.Build.0 = Debug|Any CPU
		{FF9C4F7A-78FF-48FC-B6AA-E863E6FC1B36}.Release|Any CPU.ActiveCfg = Release|Any CPU
		{FF9C4F7A-78FF-48FC-B6AA-E863E6FC1B36}.Release|Any CPU.Build.0 = Release|Any CPU
		{653EF9B1-F344-411A-8445-FF5393D9598F}.Debug|Any CPU.ActiveCfg = Debug|Any CPU
		{653EF9B1-F344-411A-8445-FF5393D9598F}.Debug|Any CPU.Build.0 = Debug|Any CPU
		{653EF9B1-F344-411A-8445-FF5393D9598F}.Release|Any CPU.ActiveCfg = Release|Any CPU
		{653EF9B1-F344-411A-8445-FF5393D9598F}.Release|Any CPU.Build.0 = Release|Any CPU
		{754E220B-1B2F-474E-A492-558E094DC47C}.Debug|Any CPU.ActiveCfg = Debug|Any CPU
		{754E220B-1B2F-474E-A492-558E094DC47C}.Debug|Any CPU.Build.0 = Debug|Any CPU
		{754E220B-1B2F-474E-A492-558E094DC47C}.Release|Any CPU.ActiveCfg = Release|Any CPU
		{754E220B-1B2F-474E-A492-558E094DC47C}.Release|Any CPU.Build.0 = Release|Any CPU
		{FBA4A08A-5EF0-4FDA-8AC4-7EC5B0DC9213}.Debug|Any CPU.ActiveCfg = Debug|Any CPU
		{FBA4A08A-5EF0-4FDA-8AC4-7EC5B0DC9213}.Debug|Any CPU.Build.0 = Debug|Any CPU
		{FBA4A08A-5EF0-4FDA-8AC4-7EC5B0DC9213}.Release|Any CPU.ActiveCfg = Release|Any CPU
		{FBA4A08A-5EF0-4FDA-8AC4-7EC5B0DC9213}.Release|Any CPU.Build.0 = Release|Any CPU
	EndGlobalSection
	GlobalSection(SolutionProperties) = preSolution
		HideSolutionNode = FALSE
	EndGlobalSection
	GlobalSection(NestedProjects) = preSolution
		{653EF9B1-F344-411A-8445-FF5393D9598F} = {DA2AC3B5-2432-4674-B79C-36D36AC51877}
		{754E220B-1B2F-474E-A492-558E094DC47C} = {DA2AC3B5-2432-4674-B79C-36D36AC51877}
		{FBA4A08A-5EF0-4FDA-8AC4-7EC5B0DC9213} = {DA2AC3B5-2432-4674-B79C-36D36AC51877}
	EndGlobalSection
	GlobalSection(ExtensibilityGlobals) = postSolution
		SolutionGuid = {6A05DC36-11A9-4C3B-841F-28BB9560E9DB}
	EndGlobalSection
EndGlobal
